
Microsoft Visual Studio Solution File, Format Version 12.00
# Visual Studio Version 17
VisualStudioVersion = 17.8.34330.188
MinimumVisualStudioVersion = 10.0.40219.1
Project("{9A19103F-16F7-4668-BE54-9A1E7A4F7556}") = "TestInteraction", "TestInteraction\TestInteraction.csproj", "{AF2739F1-11F5-4F52-8A15-709D219D9547}"
	ProjectSection(ProjectDependencies) = postProject
		{9AB140A7-D234-4DCA-B753-C34D062426F1} = {9AB140A7-D234-4DCA-B753-C34D062426F1}
	EndProjectSection
EndProject
Project("{9A19103F-16F7-4668-BE54-9A1E7A4F7556}") = "LibraryInteractionTest", "Libraries\LibraryInteractionTest\LibraryInteractionTest\LibraryInteractionTest.csproj", "{9AB140A7-D234-4DCA-B753-C34D062426F1}"
EndProject
Project("{FAE04EC0-301F-11D3-BF4B-00C04F79EFBC}") = "TestInteractionUnitTest", "TestInteractionUnitTest\TestInteractionUnitTest.csproj", "{D6E4A701-6922-4ED4-A187-15E62CFFB8BF}"
EndProject
Global
	GlobalSection(SolutionConfigurationPlatforms) = preSolution
		Debug|Any CPU = Debug|Any CPU
		Release|Any CPU = Release|Any CPU
	EndGlobalSection
	GlobalSection(ProjectConfigurationPlatforms) = postSolution
		{AF2739F1-11F5-4F52-8A15-709D219D9547}.Debug|Any CPU.ActiveCfg = Debug|Any CPU
		{AF2739F1-11F5-4F52-8A15-709D219D9547}.Debug|Any CPU.Build.0 = Debug|Any CPU
		{AF2739F1-11F5-4F52-8A15-709D219D9547}.Release|Any CPU.ActiveCfg = Release|Any CPU
		{AF2739F1-11F5-4F52-8A15-709D219D9547}.Release|Any CPU.Build.0 = Release|Any CPU
		{9AB140A7-D234-4DCA-B753-C34D062426F1}.Debug|Any CPU.ActiveCfg = Debug|Any CPU
		{9AB140A7-D234-4DCA-B753-C34D062426F1}.Debug|Any CPU.Build.0 = Debug|Any CPU
		{9AB140A7-D234-4DCA-B753-C34D062426F1}.Release|Any CPU.ActiveCfg = Release|Any CPU
		{9AB140A7-D234-4DCA-B753-C34D062426F1}.Release|Any CPU.Build.0 = Release|Any CPU
		{D6E4A701-6922-4ED4-A187-15E62CFFB8BF}.Debug|Any CPU.ActiveCfg = Debug|Any CPU
		{D6E4A701-6922-4ED4-A187-15E62CFFB8BF}.Debug|Any CPU.Build.0 = Debug|Any CPU
		{D6E4A701-6922-4ED4-A187-15E62CFFB8BF}.Release|Any CPU.ActiveCfg = Release|Any CPU
		{D6E4A701-6922-4ED4-A187-15E62CFFB8BF}.Release|Any CPU.Build.0 = Release|Any CPU
	EndGlobalSection
	GlobalSection(SolutionProperties) = preSolution
		HideSolutionNode = FALSE
	EndGlobalSection
	GlobalSection(ExtensibilityGlobals) = postSolution
		SolutionGuid = {0F55FD30-180E-48A7-890B-460055E96A15}
	EndGlobalSection
EndGlobal
